
Microsoft Visual Studio Solution File, Format Version 12.00
# Visual Studio 15
VisualStudioVersion = 15.0.27703.2018
MinimumVisualStudioVersion = 10.0.40219.1
Project("{9A19103F-16F7-4668-BE54-9A1E7A4F7556}") = "Katas.Wrap", "Katas\Katas.Wrap.csproj", "{FA402E5D-F963-4B4A-BD59-337C8F566326}"
EndProject
Project("{9A19103F-16F7-4668-BE54-9A1E7A4F7556}") = "Katas.StringCalculator", "Katas.StringCalculator\Katas.StringCalculator.csproj", "{6BACE1DC-A696-4B4E-9EF5-7A3DBFB64DAA}"
EndProject
Project("{9A19103F-16F7-4668-BE54-9A1E7A4F7556}") = "Katas.ArabicToRoman", "Katas.ArabicToRoman\Katas.ArabicToRoman.csproj", "{50D9DE39-5703-48AD-BE66-E1102778EB8D}"
EndProject
Global
	GlobalSection(SolutionConfigurationPlatforms) = preSolution
		Debug|Any CPU = Debug|Any CPU
		Release|Any CPU = Release|Any CPU
	EndGlobalSection
	GlobalSection(ProjectConfigurationPlatforms) = postSolution
		{FA402E5D-F963-4B4A-BD59-337C8F566326}.Debug|Any CPU.ActiveCfg = Debug|Any CPU
		{FA402E5D-F963-4B4A-BD59-337C8F566326}.Debug|Any CPU.Build.0 = Debug|Any CPU
		{FA402E5D-F963-4B4A-BD59-337C8F566326}.Release|Any CPU.ActiveCfg = Release|Any CPU
		{FA402E5D-F963-4B4A-BD59-337C8F566326}.Release|Any CPU.Build.0 = Release|Any CPU
		{6BACE1DC-A696-4B4E-9EF5-7A3DBFB64DAA}.Debug|Any CPU.ActiveCfg = Debug|Any CPU
		{6BACE1DC-A696-4B4E-9EF5-7A3DBFB64DAA}.Debug|Any CPU.Build.0 = Debug|Any CPU
		{6BACE1DC-A696-4B4E-9EF5-7A3DBFB64DAA}.Release|Any CPU.ActiveCfg = Release|Any CPU
		{6BACE1DC-A696-4B4E-9EF5-7A3DBFB64DAA}.Release|Any CPU.Build.0 = Release|Any CPU
		{50D9DE39-5703-48AD-BE66-E1102778EB8D}.Debug|Any CPU.ActiveCfg = Debug|Any CPU
		{50D9DE39-5703-48AD-BE66-E1102778EB8D}.Debug|Any CPU.Build.0 = Debug|Any CPU
		{50D9DE39-5703-48AD-BE66-E1102778EB8D}.Release|Any CPU.ActiveCfg = Release|Any CPU
		{50D9DE39-5703-48AD-BE66-E1102778EB8D}.Release|Any CPU.Build.0 = Release|Any CPU
	EndGlobalSection
	GlobalSection(SolutionProperties) = preSolution
		HideSolutionNode = FALSE
	EndGlobalSection
	GlobalSection(ExtensibilityGlobals) = postSolution
		SolutionGuid = {7FF65999-C440-420E-982B-9DF98A41AA63}
	EndGlobalSection
EndGlobal
