
Microsoft Visual Studio Solution File, Format Version 12.00
# Visual Studio 15
VisualStudioVersion = 15.0.27703.2018
MinimumVisualStudioVersion = 10.0.40219.1
Project("{9A19103F-16F7-4668-BE54-9A1E7A4F7556}") = "Katas.Wrap", "Katas\Katas.Wrap.csproj", "{FA402E5D-F963-4B4A-BD59-337C8F566326}"
EndProject
Project("{9A19103F-16F7-4668-BE54-9A1E7A4F7556}") = "Katas.Calculator", "Katas.StringCalculator\Katas.Calculator.csproj", "{6BACE1DC-A696-4B4E-9EF5-7A3DBFB64DAA}"
EndProject
Project("{9A19103F-16F7-4668-BE54-9A1E7A4F7556}") = "Katas.IntegerToRoman", "Katas.ArabicToRoman\Katas.IntegerToRoman.csproj", "{50D9DE39-5703-48AD-BE66-E1102778EB8D}"
EndProject
Project("{9092AA53-FB77-4645-B42D-1CCCA6BD08BD}") = "Katas.Fibonacci", "Katas.Fibonacci\Katas.Fibonacci.njsproj", "{1AB287C4-20DC-43D5-B570-E2D060F2A7CD}"
EndProject
Project("{9A19103F-16F7-4668-BE54-9A1E7A4F7556}") = "Katas.UnitTest", "UnitTest\Katas.UnitTest.csproj", "{BBBC8906-DF26-4538-962F-F4D2993AC533}"
EndProject
Global
	GlobalSection(SolutionConfigurationPlatforms) = preSolution
		Debug|Any CPU = Debug|Any CPU
		Release|Any CPU = Release|Any CPU
	EndGlobalSection
	GlobalSection(ProjectConfigurationPlatforms) = postSolution
		{FA402E5D-F963-4B4A-BD59-337C8F566326}.Debug|Any CPU.ActiveCfg = Debug|Any CPU
		{FA402E5D-F963-4B4A-BD59-337C8F566326}.Debug|Any CPU.Build.0 = Debug|Any CPU
		{FA402E5D-F963-4B4A-BD59-337C8F566326}.Release|Any CPU.ActiveCfg = Release|Any CPU
		{FA402E5D-F963-4B4A-BD59-337C8F566326}.Release|Any CPU.Build.0 = Release|Any CPU
		{6BACE1DC-A696-4B4E-9EF5-7A3DBFB64DAA}.Debug|Any CPU.ActiveCfg = Debug|Any CPU
		{6BACE1DC-A696-4B4E-9EF5-7A3DBFB64DAA}.Debug|Any CPU.Build.0 = Debug|Any CPU
		{6BACE1DC-A696-4B4E-9EF5-7A3DBFB64DAA}.Release|Any CPU.ActiveCfg = Release|Any CPU
		{6BACE1DC-A696-4B4E-9EF5-7A3DBFB64DAA}.Release|Any CPU.Build.0 = Release|Any CPU
		{50D9DE39-5703-48AD-BE66-E1102778EB8D}.Debug|Any CPU.ActiveCfg = Debug|Any CPU
		{50D9DE39-5703-48AD-BE66-E1102778EB8D}.Debug|Any CPU.Build.0 = Debug|Any CPU
		{50D9DE39-5703-48AD-BE66-E1102778EB8D}.Release|Any CPU.ActiveCfg = Release|Any CPU
		{50D9DE39-5703-48AD-BE66-E1102778EB8D}.Release|Any CPU.Build.0 = Release|Any CPU
		{1AB287C4-20DC-43D5-B570-E2D060F2A7CD}.Debug|Any CPU.ActiveCfg = Debug|Any CPU
		{1AB287C4-20DC-43D5-B570-E2D060F2A7CD}.Debug|Any CPU.Build.0 = Debug|Any CPU
		{1AB287C4-20DC-43D5-B570-E2D060F2A7CD}.Release|Any CPU.ActiveCfg = Release|Any CPU
		{1AB287C4-20DC-43D5-B570-E2D060F2A7CD}.Release|Any CPU.Build.0 = Release|Any CPU
		{BBBC8906-DF26-4538-962F-F4D2993AC533}.Debug|Any CPU.ActiveCfg = Debug|Any CPU
		{BBBC8906-DF26-4538-962F-F4D2993AC533}.Debug|Any CPU.Build.0 = Debug|Any CPU
		{BBBC8906-DF26-4538-962F-F4D2993AC533}.Release|Any CPU.ActiveCfg = Release|Any CPU
		{BBBC8906-DF26-4538-962F-F4D2993AC533}.Release|Any CPU.Build.0 = Release|Any CPU
	EndGlobalSection
	GlobalSection(SolutionProperties) = preSolution
		HideSolutionNode = FALSE
	EndGlobalSection
	GlobalSection(ExtensibilityGlobals) = postSolution
		SolutionGuid = {7FF65999-C440-420E-982B-9DF98A41AA63}
	EndGlobalSection
EndGlobal
